
Microsoft Visual Studio Solution File, Format Version 12.00
# Visual Studio 15
VisualStudioVersion = 15.0.27703.2042
MinimumVisualStudioVersion = 10.0.40219.1
Project("{FAE04EC0-301F-11D3-BF4B-00C04F79EFBC}") = "Laitehallinta2", "Laitehallinta2\Laitehallinta2.csproj", "{605547E5-061B-49FA-B4AB-20C170434264}"
EndProject
Global
	GlobalSection(SolutionConfigurationPlatforms) = preSolution
		Debug|Any CPU = Debug|Any CPU
		Release|Any CPU = Release|Any CPU
	EndGlobalSection
	GlobalSection(ProjectConfigurationPlatforms) = postSolution
		{605547E5-061B-49FA-B4AB-20C170434264}.Debug|Any CPU.ActiveCfg = Debug|Any CPU
		{605547E5-061B-49FA-B4AB-20C170434264}.Debug|Any CPU.Build.0 = Debug|Any CPU
		{605547E5-061B-49FA-B4AB-20C170434264}.Release|Any CPU.ActiveCfg = Release|Any CPU
		{605547E5-061B-49FA-B4AB-20C170434264}.Release|Any CPU.Build.0 = Release|Any CPU
	EndGlobalSection
	GlobalSection(SolutionProperties) = preSolution
		HideSolutionNode = FALSE
	EndGlobalSection
	GlobalSection(ExtensibilityGlobals) = postSolution
		SolutionGuid = {E1F29C4D-8EE7-468B-932D-6CD52C18CF2A}
	EndGlobalSection
EndGlobal
